
Microsoft Visual Studio Solution File, Format Version 12.00
# Visual Studio 15
VisualStudioVersion = 15.0.26124.0
MinimumVisualStudioVersion = 15.0.26124.0
Project("{2150E333-8FDC-42A3-9474-1A3956D46DE8}") = "src", "src", "{9EC33B83-D8D8-4C02-A4A8-5FD1FAC8C1E7}"
EndProject
Project("{9A19103F-16F7-4668-BE54-9A1E7A4F7556}") = "ThreadPoolStarvation", "src\ThreadPoolStarvation\ThreadPoolStarvation.csproj", "{FF094A1F-04E1-48FB-8076-9E4039EB27C9}"
EndProject
Project("{9A19103F-16F7-4668-BE54-9A1E7A4F7556}") = "DisposeHttpClient", "src\HttpClient\DisposeHttpClient.csproj", "{AE591ACB-9496-4D97-AFD6-054A681964A1}"
EndProject
Project("{9A19103F-16F7-4668-BE54-9A1E7A4F7556}") = "FormatLogMessages", "src\FormatLogMessages\FormatLogMessages.csproj", "{AA207BBB-7047-4EBB-8420-2D1E3DA4FC64}"
EndProject
Project("{9A19103F-16F7-4668-BE54-9A1E7A4F7556}") = "HttpContextBackground", "src\HttpContextBackground\HttpContextBackground.csproj", "{5C97499F-15E3-4759-9531-9532E85175C3}"
EndProject
Project("{9A19103F-16F7-4668-BE54-9A1E7A4F7556}") = "TimerLeak", "src\TimerLeak\TimerLeak.csproj", "{95AB1292-5172-46F4-9A9C-6B702199247E}"
EndProject
Project("{9A19103F-16F7-4668-BE54-9A1E7A4F7556}") = "BadRegex", "src\BadRegex\BadRegex.csproj", "{3F4802B9-B7BA-4F2A-BAA5-83DD3A728AC1}"
EndProject
Project("{FAE04EC0-301F-11D3-BF4B-00C04F79EFBC}") = "DoubleContainerBuild", "src\DoubleContainerBuild\DoubleContainerBuild.csproj", "{C9D25259-4A66-453A-A9BC-DD53F15F84A6}"
EndProject
Global
	GlobalSection(SolutionConfigurationPlatforms) = preSolution
		Debug|Any CPU = Debug|Any CPU
		Debug|x64 = Debug|x64
		Debug|x86 = Debug|x86
		Release|Any CPU = Release|Any CPU
		Release|x64 = Release|x64
		Release|x86 = Release|x86
	EndGlobalSection
	GlobalSection(ProjectConfigurationPlatforms) = postSolution
		{FF094A1F-04E1-48FB-8076-9E4039EB27C9}.Debug|Any CPU.ActiveCfg = Debug|Any CPU
		{FF094A1F-04E1-48FB-8076-9E4039EB27C9}.Debug|Any CPU.Build.0 = Debug|Any CPU
		{FF094A1F-04E1-48FB-8076-9E4039EB27C9}.Debug|x64.ActiveCfg = Debug|Any CPU
		{FF094A1F-04E1-48FB-8076-9E4039EB27C9}.Debug|x64.Build.0 = Debug|Any CPU
		{FF094A1F-04E1-48FB-8076-9E4039EB27C9}.Debug|x86.ActiveCfg = Debug|Any CPU
		{FF094A1F-04E1-48FB-8076-9E4039EB27C9}.Debug|x86.Build.0 = Debug|Any CPU
		{FF094A1F-04E1-48FB-8076-9E4039EB27C9}.Release|Any CPU.ActiveCfg = Debug|Any CPU
		{FF094A1F-04E1-48FB-8076-9E4039EB27C9}.Release|Any CPU.Build.0 = Debug|Any CPU
		{FF094A1F-04E1-48FB-8076-9E4039EB27C9}.Release|x64.ActiveCfg = Release|Any CPU
		{FF094A1F-04E1-48FB-8076-9E4039EB27C9}.Release|x64.Build.0 = Release|Any CPU
		{FF094A1F-04E1-48FB-8076-9E4039EB27C9}.Release|x86.ActiveCfg = Release|Any CPU
		{FF094A1F-04E1-48FB-8076-9E4039EB27C9}.Release|x86.Build.0 = Release|Any CPU
		{AE591ACB-9496-4D97-AFD6-054A681964A1}.Debug|Any CPU.ActiveCfg = Debug|Any CPU
		{AE591ACB-9496-4D97-AFD6-054A681964A1}.Debug|Any CPU.Build.0 = Debug|Any CPU
		{AE591ACB-9496-4D97-AFD6-054A681964A1}.Debug|x64.ActiveCfg = Debug|Any CPU
		{AE591ACB-9496-4D97-AFD6-054A681964A1}.Debug|x64.Build.0 = Debug|Any CPU
		{AE591ACB-9496-4D97-AFD6-054A681964A1}.Debug|x86.ActiveCfg = Debug|Any CPU
		{AE591ACB-9496-4D97-AFD6-054A681964A1}.Debug|x86.Build.0 = Debug|Any CPU
		{AE591ACB-9496-4D97-AFD6-054A681964A1}.Release|Any CPU.ActiveCfg = Debug|Any CPU
		{AE591ACB-9496-4D97-AFD6-054A681964A1}.Release|Any CPU.Build.0 = Debug|Any CPU
		{AE591ACB-9496-4D97-AFD6-054A681964A1}.Release|x64.ActiveCfg = Release|Any CPU
		{AE591ACB-9496-4D97-AFD6-054A681964A1}.Release|x64.Build.0 = Release|Any CPU
		{AE591ACB-9496-4D97-AFD6-054A681964A1}.Release|x86.ActiveCfg = Release|Any CPU
		{AE591ACB-9496-4D97-AFD6-054A681964A1}.Release|x86.Build.0 = Release|Any CPU
		{AA207BBB-7047-4EBB-8420-2D1E3DA4FC64}.Debug|Any CPU.ActiveCfg = Debug|Any CPU
		{AA207BBB-7047-4EBB-8420-2D1E3DA4FC64}.Debug|Any CPU.Build.0 = Debug|Any CPU
		{AA207BBB-7047-4EBB-8420-2D1E3DA4FC64}.Debug|x64.ActiveCfg = Debug|Any CPU
		{AA207BBB-7047-4EBB-8420-2D1E3DA4FC64}.Debug|x64.Build.0 = Debug|Any CPU
		{AA207BBB-7047-4EBB-8420-2D1E3DA4FC64}.Debug|x86.ActiveCfg = Debug|Any CPU
		{AA207BBB-7047-4EBB-8420-2D1E3DA4FC64}.Debug|x86.Build.0 = Debug|Any CPU
		{AA207BBB-7047-4EBB-8420-2D1E3DA4FC64}.Release|Any CPU.ActiveCfg = Release|Any CPU
		{AA207BBB-7047-4EBB-8420-2D1E3DA4FC64}.Release|Any CPU.Build.0 = Release|Any CPU
		{AA207BBB-7047-4EBB-8420-2D1E3DA4FC64}.Release|x64.ActiveCfg = Release|Any CPU
		{AA207BBB-7047-4EBB-8420-2D1E3DA4FC64}.Release|x64.Build.0 = Release|Any CPU
		{AA207BBB-7047-4EBB-8420-2D1E3DA4FC64}.Release|x86.ActiveCfg = Release|Any CPU
		{AA207BBB-7047-4EBB-8420-2D1E3DA4FC64}.Release|x86.Build.0 = Release|Any CPU
		{5C97499F-15E3-4759-9531-9532E85175C3}.Debug|Any CPU.ActiveCfg = Debug|Any CPU
		{5C97499F-15E3-4759-9531-9532E85175C3}.Debug|Any CPU.Build.0 = Debug|Any CPU
		{5C97499F-15E3-4759-9531-9532E85175C3}.Debug|x64.ActiveCfg = Debug|Any CPU
		{5C97499F-15E3-4759-9531-9532E85175C3}.Debug|x64.Build.0 = Debug|Any CPU
		{5C97499F-15E3-4759-9531-9532E85175C3}.Debug|x86.ActiveCfg = Debug|Any CPU
		{5C97499F-15E3-4759-9531-9532E85175C3}.Debug|x86.Build.0 = Debug|Any CPU
		{5C97499F-15E3-4759-9531-9532E85175C3}.Release|Any CPU.ActiveCfg = Debug|Any CPU
		{5C97499F-15E3-4759-9531-9532E85175C3}.Release|Any CPU.Build.0 = Debug|Any CPU
		{5C97499F-15E3-4759-9531-9532E85175C3}.Release|x64.ActiveCfg = Release|Any CPU
		{5C97499F-15E3-4759-9531-9532E85175C3}.Release|x64.Build.0 = Release|Any CPU
		{5C97499F-15E3-4759-9531-9532E85175C3}.Release|x86.ActiveCfg = Release|Any CPU
		{5C97499F-15E3-4759-9531-9532E85175C3}.Release|x86.Build.0 = Release|Any CPU
		{95AB1292-5172-46F4-9A9C-6B702199247E}.Debug|Any CPU.ActiveCfg = Debug|Any CPU
		{95AB1292-5172-46F4-9A9C-6B702199247E}.Debug|Any CPU.Build.0 = Debug|Any CPU
		{95AB1292-5172-46F4-9A9C-6B702199247E}.Debug|x64.ActiveCfg = Debug|Any CPU
		{95AB1292-5172-46F4-9A9C-6B702199247E}.Debug|x64.Build.0 = Debug|Any CPU
		{95AB1292-5172-46F4-9A9C-6B702199247E}.Debug|x86.ActiveCfg = Debug|Any CPU
		{95AB1292-5172-46F4-9A9C-6B702199247E}.Debug|x86.Build.0 = Debug|Any CPU
		{95AB1292-5172-46F4-9A9C-6B702199247E}.Release|Any CPU.ActiveCfg = Debug|Any CPU
		{95AB1292-5172-46F4-9A9C-6B702199247E}.Release|Any CPU.Build.0 = Debug|Any CPU
		{95AB1292-5172-46F4-9A9C-6B702199247E}.Release|x64.ActiveCfg = Release|Any CPU
		{95AB1292-5172-46F4-9A9C-6B702199247E}.Release|x64.Build.0 = Release|Any CPU
		{95AB1292-5172-46F4-9A9C-6B702199247E}.Release|x86.ActiveCfg = Release|Any CPU
		{95AB1292-5172-46F4-9A9C-6B702199247E}.Release|x86.Build.0 = Release|Any CPU
		{3F4802B9-B7BA-4F2A-BAA5-83DD3A728AC1}.Debug|Any CPU.ActiveCfg = Debug|Any CPU
		{3F4802B9-B7BA-4F2A-BAA5-83DD3A728AC1}.Debug|Any CPU.Build.0 = Debug|Any CPU
		{3F4802B9-B7BA-4F2A-BAA5-83DD3A728AC1}.Debug|x64.ActiveCfg = Debug|Any CPU
		{3F4802B9-B7BA-4F2A-BAA5-83DD3A728AC1}.Debug|x64.Build.0 = Debug|Any CPU
		{3F4802B9-B7BA-4F2A-BAA5-83DD3A728AC1}.Debug|x86.ActiveCfg = Debug|Any CPU
		{3F4802B9-B7BA-4F2A-BAA5-83DD3A728AC1}.Debug|x86.Build.0 = Debug|Any CPU
		{3F4802B9-B7BA-4F2A-BAA5-83DD3A728AC1}.Release|Any CPU.ActiveCfg = Release|Any CPU
		{3F4802B9-B7BA-4F2A-BAA5-83DD3A728AC1}.Release|Any CPU.Build.0 = Release|Any CPU
		{3F4802B9-B7BA-4F2A-BAA5-83DD3A728AC1}.Release|x64.ActiveCfg = Release|Any CPU
		{3F4802B9-B7BA-4F2A-BAA5-83DD3A728AC1}.Release|x64.Build.0 = Release|Any CPU
		{3F4802B9-B7BA-4F2A-BAA5-83DD3A728AC1}.Release|x86.ActiveCfg = Release|Any CPU
		{3F4802B9-B7BA-4F2A-BAA5-83DD3A728AC1}.Release|x86.Build.0 = Release|Any CPU
		{C9D25259-4A66-453A-A9BC-DD53F15F84A6}.Debug|Any CPU.ActiveCfg = Debug|Any CPU
		{C9D25259-4A66-453A-A9BC-DD53F15F84A6}.Debug|Any CPU.Build.0 = Debug|Any CPU
		{C9D25259-4A66-453A-A9BC-DD53F15F84A6}.Debug|x64.ActiveCfg = Debug|Any CPU
		{C9D25259-4A66-453A-A9BC-DD53F15F84A6}.Debug|x64.Build.0 = Debug|Any CPU
		{C9D25259-4A66-453A-A9BC-DD53F15F84A6}.Debug|x86.ActiveCfg = Debug|Any CPU
		{C9D25259-4A66-453A-A9BC-DD53F15F84A6}.Debug|x86.Build.0 = Debug|Any CPU
		{C9D25259-4A66-453A-A9BC-DD53F15F84A6}.Release|Any CPU.ActiveCfg = Release|Any CPU
		{C9D25259-4A66-453A-A9BC-DD53F15F84A6}.Release|Any CPU.Build.0 = Release|Any CPU
		{C9D25259-4A66-453A-A9BC-DD53F15F84A6}.Release|x64.ActiveCfg = Release|Any CPU
		{C9D25259-4A66-453A-A9BC-DD53F15F84A6}.Release|x64.Build.0 = Release|Any CPU
		{C9D25259-4A66-453A-A9BC-DD53F15F84A6}.Release|x86.ActiveCfg = Release|Any CPU
		{C9D25259-4A66-453A-A9BC-DD53F15F84A6}.Release|x86.Build.0 = Release|Any CPU
	EndGlobalSection
	GlobalSection(SolutionProperties) = preSolution
		HideSolutionNode = FALSE
	EndGlobalSection
	GlobalSection(NestedProjects) = preSolution
		{FF094A1F-04E1-48FB-8076-9E4039EB27C9} = {9EC33B83-D8D8-4C02-A4A8-5FD1FAC8C1E7}
		{AE591ACB-9496-4D97-AFD6-054A681964A1} = {9EC33B83-D8D8-4C02-A4A8-5FD1FAC8C1E7}
		{AA207BBB-7047-4EBB-8420-2D1E3DA4FC64} = {9EC33B83-D8D8-4C02-A4A8-5FD1FAC8C1E7}
		{5C97499F-15E3-4759-9531-9532E85175C3} = {9EC33B83-D8D8-4C02-A4A8-5FD1FAC8C1E7}
		{95AB1292-5172-46F4-9A9C-6B702199247E} = {9EC33B83-D8D8-4C02-A4A8-5FD1FAC8C1E7}
		{3F4802B9-B7BA-4F2A-BAA5-83DD3A728AC1} = {9EC33B83-D8D8-4C02-A4A8-5FD1FAC8C1E7}
		{C9D25259-4A66-453A-A9BC-DD53F15F84A6} = {9EC33B83-D8D8-4C02-A4A8-5FD1FAC8C1E7}
	EndGlobalSection
	GlobalSection(ExtensibilityGlobals) = postSolution
		SolutionGuid = {5814CC36-22C4-47A9-8BEF-7C0775A8B7E5}
	EndGlobalSection
EndGlobal
